// !$*UTF8*$!
{
	archiveVersion = 1;
	classes = {
	};
	objectVersion = 46;
	objects = {

/* Begin PBXBuildFile section */
		8A371D6119D12936002679FA /* AppDelegate.swift in Sources */ = {isa = PBXBuildFile; fileRef = 8A371D6019D12936002679FA /* AppDelegate.swift */; };
		8A371D6419D12936002679FA /* RefreshTable.xcdatamodeld in Sources */ = {isa = PBXBuildFile; fileRef = 8A371D6219D12936002679FA /* RefreshTable.xcdatamodeld */; };
		8A371D6619D12936002679FA /* ViewController.swift in Sources */ = {isa = PBXBuildFile; fileRef = 8A371D6519D12936002679FA /* ViewController.swift */; };
		8A371D6919D12936002679FA /* Main.storyboard in Resources */ = {isa = PBXBuildFile; fileRef = 8A371D6719D12936002679FA /* Main.storyboard */; };
		8A371D6B19D12936002679FA /* Images.xcassets in Resources */ = {isa = PBXBuildFile; fileRef = 8A371D6A19D12936002679FA /* Images.xcassets */; };
		8A371D6E19D12936002679FA /* LaunchScreen.xib in Resources */ = {isa = PBXBuildFile; fileRef = 8A371D6C19D12936002679FA /* LaunchScreen.xib */; };
		8A371D7A19D12936002679FA /* RefreshTableTests.swift in Sources */ = {isa = PBXBuildFile; fileRef = 8A371D7919D12936002679FA /* RefreshTableTests.swift */; };
/* End PBXBuildFile section */

/* Begin PBXContainerItemProxy section */
		8A371D7419D12936002679FA /* PBXContainerItemProxy */ = {
			isa = PBXContainerItemProxy;
			containerPortal = 8A371D5319D12936002679FA /* Project object */;
			proxyType = 1;
			remoteGlobalIDString = 8A371D5A19D12936002679FA;
			remoteInfo = RefreshTable;
		};
/* End PBXContainerItemProxy section */

/* Begin PBXFileReference section */
		8A371D5B19D12936002679FA /* RefreshTable.app */ = {isa = PBXFileReference; explicitFileType = wrapper.application; includeInIndex = 0; path = RefreshTable.app; sourceTree = BUILT_PRODUCTS_DIR; };
		8A371D5F19D12936002679FA /* Info.plist */ = {isa = PBXFileReference; lastKnownFileType = text.plist.xml; path = Info.plist; sourceTree = "<group>"; };
		8A371D6019D12936002679FA /* AppDelegate.swift */ = {isa = PBXFileReference; lastKnownFileType = sourcecode.swift; path = AppDelegate.swift; sourceTree = "<group>"; };
		8A371D6319D12936002679FA /* RefreshTable.xcdatamodel */ = {isa = PBXFileReference; lastKnownFileType = wrapper.xcdatamodel; path = RefreshTable.xcdatamodel; sourceTree = "<group>"; };
		8A371D6519D12936002679FA /* ViewController.swift */ = {isa = PBXFileReference; lastKnownFileType = sourcecode.swift; path = ViewController.swift; sourceTree = "<group>"; };
		8A371D6819D12936002679FA /* Base */ = {isa = PBXFileReference; lastKnownFileType = file.storyboard; name = Base; path = Base.lproj/Main.storyboard; sourceTree = "<group>"; };
		8A371D6A19D12936002679FA /* Images.xcassets */ = {isa = PBXFileReference; lastKnownFileType = folder.assetcatalog; path = Images.xcassets; sourceTree = "<group>"; };
		8A371D6D19D12936002679FA /* Base */ = {isa = PBXFileReference; lastKnownFileType = file.xib; name = Base; path = Base.lproj/LaunchScreen.xib; sourceTree = "<group>"; };
		8A371D7319D12936002679FA /* RefreshTableTests.xctest */ = {isa = PBXFileReference; explicitFileType = wrapper.cfbundle; includeInIndex = 0; path = RefreshTableTests.xctest; sourceTree = BUILT_PRODUCTS_DIR; };
		8A371D7819D12936002679FA /* Info.plist */ = {isa = PBXFileReference; lastKnownFileType = text.plist.xml; path = Info.plist; sourceTree = "<group>"; };
		8A371D7919D12936002679FA /* RefreshTableTests.swift */ = {isa = PBXFileReference; lastKnownFileType = sourcecode.swift; path = RefreshTableTests.swift; sourceTree = "<group>"; };
/* End PBXFileReference section */

/* Begin PBXFrameworksBuildPhase section */
		8A371D5819D12936002679FA /* Frameworks */ = {
			isa = PBXFrameworksBuildPhase;
			buildActionMask = 2147483647;
			files = (
			);
			runOnlyForDeploymentPostprocessing = 0;
		};
		8A371D7019D12936002679FA /* Frameworks */ = {
			isa = PBXFrameworksBuildPhase;
			buildActionMask = 2147483647;
			files = (
			);
			runOnlyForDeploymentPostprocessing = 0;
		};
/* End PBXFrameworksBuildPhase section */

/* Begin PBXGroup section */
		8A371D5219D12936002679FA = {
			isa = PBXGroup;
			children = (
				8A371D5D19D12936002679FA /* RefreshTable */,
				8A371D7619D12936002679FA /* RefreshTableTests */,
				8A371D5C19D12936002679FA /* Products */,
			);
			sourceTree = "<group>";
		};
		8A371D5C19D12936002679FA /* Products */ = {
			isa = PBXGroup;
			children = (
				8A371D5B19D12936002679FA /* RefreshTable.app */,
				8A371D7319D12936002679FA /* RefreshTableTests.xctest */,
			);
			name = Products;
			sourceTree = "<group>";
		};
		8A371D5D19D12936002679FA /* RefreshTable */ = {
			isa = PBXGroup;
			children = (
				8A371D6019D12936002679FA /* AppDelegate.swift */,
				8A371D6519D12936002679FA /* ViewController.swift */,
				8A371D6719D12936002679FA /* Main.storyboard */,
				8A371D6A19D12936002679FA /* Images.xcassets */,
				8A371D6C19D12936002679FA /* LaunchScreen.xib */,
				8A371D6219D12936002679FA /* RefreshTable.xcdatamodeld */,
				8A371D5E19D12936002679FA /* Supporting Files */,
			);
			path = RefreshTable;
			sourceTree = "<group>";
		};
		8A371D5E19D12936002679FA /* Supporting Files */ = {
			isa = PBXGroup;
			children = (
				8A371D5F19D12936002679FA /* Info.plist */,
			);
			name = "Supporting Files";
			sourceTree = "<group>";
		};
		8A371D7619D12936002679FA /* RefreshTableTests */ = {
			isa = PBXGroup;
			children = (
				8A371D7919D12936002679FA /* RefreshTableTests.swift */,
				8A371D7719D12936002679FA /* Supporting Files */,
			);
			path = RefreshTableTests;
			sourceTree = "<group>";
		};
		8A371D7719D12936002679FA /* Supporting Files */ = {
			isa = PBXGroup;
			children = (
				8A371D7819D12936002679FA /* Info.plist */,
			);
			name = "Supporting Files";
			sourceTree = "<group>";
		};
/* End PBXGroup section */

/* Begin PBXNativeTarget section */
		8A371D5A19D12936002679FA /* RefreshTable */ = {
			isa = PBXNativeTarget;
			buildConfigurationList = 8A371D7D19D12936002679FA /* Build configuration list for PBXNativeTarget "RefreshTable" */;
			buildPhases = (
				8A371D5719D12936002679FA /* Sources */,
				8A371D5819D12936002679FA /* Frameworks */,
				8A371D5919D12936002679FA /* Resources */,
			);
			buildRules = (
			);
			dependencies = (
			);
			name = RefreshTable;
			productName = RefreshTable;
			productReference = 8A371D5B19D12936002679FA /* RefreshTable.app */;
			productType = "com.apple.product-type.application";
		};
		8A371D7219D12936002679FA /* RefreshTableTests */ = {
			isa = PBXNativeTarget;
			buildConfigurationList = 8A371D8019D12936002679FA /* Build configuration list for PBXNativeTarget "RefreshTableTests" */;
			buildPhases = (
				8A371D6F19D12936002679FA /* Sources */,
				8A371D7019D12936002679FA /* Frameworks */,
				8A371D7119D12936002679FA /* Resources */,
			);
			buildRules = (
			);
			dependencies = (
				8A371D7519D12936002679FA /* PBXTargetDependency */,
			);
			name = RefreshTableTests;
			productName = RefreshTableTests;
			productReference = 8A371D7319D12936002679FA /* RefreshTableTests.xctest */;
			productType = "com.apple.product-type.bundle.unit-test";
		};
/* End PBXNativeTarget section */

/* Begin PBXProject section */
		8A371D5319D12936002679FA /* Project object */ = {
			isa = PBXProject;
			attributes = {
				LastUpgradeCheck = 0600;
				ORGANIZATIONNAME = "Bang Nguyen";
				TargetAttributes = {
					8A371D5A19D12936002679FA = {
						CreatedOnToolsVersion = 6.0.1;
					};
					8A371D7219D12936002679FA = {
						CreatedOnToolsVersion = 6.0.1;
						TestTargetID = 8A371D5A19D12936002679FA;
					};
				};
			};
			buildConfigurationList = 8A371D5619D12936002679FA /* Build configuration list for PBXProject "RefreshTable" */;
			compatibilityVersion = "Xcode 3.2";
			developmentRegion = English;
			hasScannedForEncodings = 0;
			knownRegions = (
				en,
				Base,
			);
			mainGroup = 8A371D5219D12936002679FA;
			productRefGroup = 8A371D5C19D12936002679FA /* Products */;
			projectDirPath = "";
			projectRoot = "";
			targets = (
				8A371D5A19D12936002679FA /* RefreshTable */,
				8A371D7219D12936002679FA /* RefreshTableTests */,
			);
		};
/* End PBXProject section */

/* Begin PBXResourcesBuildPhase section */
		8A371D5919D12936002679FA /* Resources */ = {
			isa = PBXResourcesBuildPhase;
			buildActionMask = 2147483647;
			files = (
				8A371D6919D12936002679FA /* Main.storyboard in Resources */,
				8A371D6E19D12936002679FA /* LaunchScreen.xib in Resources */,
				8A371D6B19D12936002679FA /* Images.xcassets in Resources */,
			);
			runOnlyForDeploymentPostprocessing = 0;
		};
		8A371D7119D12936002679FA /* Resources */ = {
			isa = PBXResourcesBuildPhase;
			buildActionMask = 2147483647;
			files = (
			);
			runOnlyForDeploymentPostprocessing = 0;
		};
/* End PBXResourcesBuildPhase section */

/* Begin PBXSourcesBuildPhase section */
		8A371D5719D12936002679FA /* Sources */ = {
			isa = PBXSourcesBuildPhase;
			buildActionMask = 2147483647;
			files = (
				8A371D6619D12936002679FA /* ViewController.swift in Sources */,
				8A371D6419D12936002679FA /* RefreshTable.xcdatamodeld in Sources */,
				8A371D6119D12936002679FA /* AppDelegate.swift in Sources */,
			);
			runOnlyForDeploymentPostprocessing = 0;
		};
		8A371D6F19D12936002679FA /* Sources */ = {
			isa = PBXSourcesBuildPhase;
			buildActionMask = 2147483647;
			files = (
				8A371D7A19D12936002679FA /* RefreshTableTests.swift in Sources */,
			);
			runOnlyForDeploymentPostprocessing = 0;
		};
/* End PBXSourcesBuildPhase section */

/* Begin PBXTargetDependency section */
		8A371D7519D12936002679FA /* PBXTargetDependency */ = {
			isa = PBXTargetDependency;
			target = 8A371D5A19D12936002679FA /* RefreshTable */;
			targetProxy = 8A371D7419D12936002679FA /* PBXContainerItemProxy */;
		};
/* End PBXTargetDependency section */

/* Begin PBXVariantGroup section */
		8A371D6719D12936002679FA /* Main.storyboard */ = {
			isa = PBXVariantGroup;
			children = (
				8A371D6819D12936002679FA /* Base */,
			);
			name = Main.storyboard;
			sourceTree = "<group>";
		};
		8A371D6C19D12936002679FA /* LaunchScreen.xib */ = {
			isa = PBXVariantGroup;
			children = (
				8A371D6D19D12936002679FA /* Base */,
			);
			name = LaunchScreen.xib;
			sourceTree = "<group>";
		};
/* End PBXVariantGroup section */

/* Begin XCBuildConfiguration section */
		8A371D7B19D12936002679FA /* Debug */ = {
			isa = XCBuildConfiguration;
			buildSettings = {
				ALWAYS_SEARCH_USER_PATHS = NO;
				CLANG_CXX_LANGUAGE_STANDARD = "gnu++0x";
				CLANG_CXX_LIBRARY = "libc++";
				CLANG_ENABLE_MODULES = YES;
				CLANG_ENABLE_OBJC_ARC = YES;
				CLANG_WARN_BOOL_CONVERSION = YES;
				CLANG_WARN_CONSTANT_CONVERSION = YES;
				CLANG_WARN_DIRECT_OBJC_ISA_USAGE = YES_ERROR;
				CLANG_WARN_EMPTY_BODY = YES;
				CLANG_WARN_ENUM_CONVERSION = YES;
				CLANG_WARN_INT_CONVERSION = YES;
				CLANG_WARN_OBJC_ROOT_CLASS = YES_ERROR;
				CLANG_WARN_UNREACHABLE_CODE = YES;
				CLANG_WARN__DUPLICATE_METHOD_MATCH = YES;
				"CODE_SIGN_IDENTITY[sdk=iphoneos*]" = "iPhone Developer";
				COPY_PHASE_STRIP = NO;
				ENABLE_STRICT_OBJC_MSGSEND = YES;
				GCC_C_LANGUAGE_STANDARD = gnu99;
				GCC_DYNAMIC_NO_PIC = NO;
				GCC_OPTIMIZATION_LEVEL = 0;
				GCC_PREPROCESSOR_DEFINITIONS = (
					"DEBUG=1",
					"$(inherited)",
				);
				GCC_SYMBOLS_PRIVATE_EXTERN = NO;
				GCC_WARN_64_TO_32_BIT_CONVERSION = YES;
				GCC_WARN_ABOUT_RETURN_TYPE = YES_ERROR;
				GCC_WARN_UNDECLARED_SELECTOR = YES;
				GCC_WARN_UNINITIALIZED_AUTOS = YES_AGGRESSIVE;
				GCC_WARN_UNUSED_FUNCTION = YES;
				GCC_WARN_UNUSED_VARIABLE = YES;
				IPHONEOS_DEPLOYMENT_TARGET = 8.0;
				MTL_ENABLE_DEBUG_INFO = YES;
				ONLY_ACTIVE_ARCH = YES;
				SDKROOT = iphoneos;
				SWIFT_OPTIMIZATION_LEVEL = "-Onone";
				TARGETED_DEVICE_FAMILY = "1,2";
			};
			name = Debug;
		};
		8A371D7C19D12936002679FA /* Release */ = {
			isa = XCBuildConfiguration;
			buildSettings = {
				ALWAYS_SEARCH_USER_PATHS = NO;
				CLANG_CXX_LANGUAGE_STANDARD = "gnu++0x";
				CLANG_CXX_LIBRARY = "libc++";
				CLANG_ENABLE_MODULES = YES;
				CLANG_ENABLE_OBJC_ARC = YES;
				CLANG_WARN_BOOL_CONVERSION = YES;
				CLANG_WARN_CONSTANT_CONVERSION = YES;
				CLANG_WARN_DIRECT_OBJC_ISA_USAGE = YES_ERROR;
				CLANG_WARN_EMPTY_BODY = YES;
				CLANG_WARN_ENUM_CONVERSION = YES;
				CLANG_WARN_INT_CONVERSION = YES;
				CLANG_WARN_OBJC_ROOT_CLASS = YES_ERROR;
				CLANG_WARN_UNREACHABLE_CODE = YES;
				CLANG_WARN__DUPLICATE_METHOD_MATCH = YES;
				"CODE_SIGN_IDENTITY[sdk=iphoneos*]" = "iPhone Developer";
				COPY_PHASE_STRIP = YES;
				ENABLE_NS_ASSERTIONS = NO;
				ENABLE_STRICT_OBJC_MSGSEND = YES;
				GCC_C_LANGUAGE_STANDARD = gnu99;
				GCC_WARN_64_TO_32_BIT_CONVERSION = YES;
				GCC_WARN_ABOUT_RETURN_TYPE = YES_ERROR;
				GCC_WARN_UNDECLARED_SELECTOR = YES;
				GCC_WARN_UNINITIALIZED_AUTOS = YES_AGGRESSIVE;
				GCC_WARN_UNUSED_FUNCTION = YES;
				GCC_WARN_UNUSED_VARIABLE = YES;
				IPHONEOS_DEPLOYMENT_TARGET = 8.0;
				MTL_ENABLE_DEBUG_INFO = NO;
				SDKROOT = iphoneos;
				TARGETED_DEVICE_FAMILY = "1,2";
				VALIDATE_PRODUCT = YES;
			};
			name = Release;
		};
		8A371D7E19D12936002679FA /* Debug */ = {
			isa = XCBuildConfiguration;
			buildSettings = {
				ASSETCATALOG_COMPILER_APPICON_NAME = AppIcon;
				INFOPLIST_FILE = RefreshTable/Info.plist;
				LD_RUNPATH_SEARCH_PATHS = "$(inherited) @executable_path/Frameworks";
				PRODUCT_NAME = "$(TARGET_NAME)";
			};
			name = Debug;
		};
		8A371D7F19D12936002679FA /* Release */ = {
			isa = XCBuildConfiguration;
			buildSettings = {
				ASSETCATALOG_COMPILER_APPICON_NAME = AppIcon;
				INFOPLIST_FILE = RefreshTable/Info.plist;
				LD_RUNPATH_SEARCH_PATHS = "$(inherited) @executable_path/Frameworks";
				PRODUCT_NAME = "$(TARGET_NAME)";
			};
			name = Release;
		};
		8A371D8119D12936002679FA /* Debug */ = {
			isa = XCBuildConfiguration;
			buildSettings = {
				BUNDLE_LOADER = "$(TEST_HOST)";
				FRAMEWORK_SEARCH_PATHS = (
					"$(SDKROOT)/Developer/Library/Frameworks",
					"$(inherited)",
				);
				GCC_PREPROCESSOR_DEFINITIONS = (
					"DEBUG=1",
					"$(inherited)",
				);
				INFOPLIST_FILE = RefreshTableTests/Info.plist;
				LD_RUNPATH_SEARCH_PATHS = "$(inherited) @executable_path/Frameworks @loader_path/Frameworks";
				PRODUCT_NAME = "$(TARGET_NAME)";
				TEST_HOST = "$(BUILT_PRODUCTS_DIR)/RefreshTable.app/RefreshTable";
			};
			name = Debug;
		};
		8A371D8219D12936002679FA /* Release */ = {
			isa = XCBuildConfiguration;
			buildSettings = {
				BUNDLE_LOADER = "$(TEST_HOST)";
				FRAMEWORK_SEARCH_PATHS = (
					"$(SDKROOT)/Developer/Library/Frameworks",
					"$(inherited)",
				);
				INFOPLIST_FILE = RefreshTableTests/Info.plist;
				LD_RUNPATH_SEARCH_PATHS = "$(inherited) @executable_path/Frameworks @loader_path/Frameworks";
				PRODUCT_NAME = "$(TARGET_NAME)";
				TEST_HOST = "$(BUILT_PRODUCTS_DIR)/RefreshTable.app/RefreshTable";
			};
			name = Release;
		};
/* End XCBuildConfiguration section */

/* Begin XCConfigurationList section */
		8A371D5619D12936002679FA /* Build configuration list for PBXProject "RefreshTable" */ = {
			isa = XCConfigurationList;
			buildConfigurations = (
				8A371D7B19D12936002679FA /* Debug */,
				8A371D7C19D12936002679FA /* Release */,
			);
			defaultConfigurationIsVisible = 0;
			defaultConfigurationName = Release;
		};
		8A371D7D19D12936002679FA /* Build configuration list for PBXNativeTarget "RefreshTable" */ = {
			isa = XCConfigurationList;
			buildConfigurations = (
				8A371D7E19D12936002679FA /* Debug */,
				8A371D7F19D12936002679FA /* Release */,
			);
			defaultConfigurationIsVisible = 0;
		};
		8A371D8019D12936002679FA /* Build configuration list for PBXNativeTarget "RefreshTableTests" */ = {
			isa = XCConfigurationList;
			buildConfigurations = (
				8A371D8119D12936002679FA /* Debug */,
				8A371D8219D12936002679FA /* Release */,
			);
			defaultConfigurationIsVisible = 0;
		};
/* End XCConfigurationList section */

/* Begin XCVersionGroup section */
		8A371D6219D12936002679FA /* RefreshTable.xcdatamodeld */ = {
			isa = XCVersionGroup;
			children = (
				8A371D6319D12936002679FA /* RefreshTable.xcdatamodel */,
			);
			currentVersion = 8A371D6319D12936002679FA /* RefreshTable.xcdatamodel */;
			path = RefreshTable.xcdatamodeld;
			sourceTree = "<group>";
			versionGroupType = wrapper.xcdatamodel;
		};
/* End XCVersionGroup section */
	};
	rootObject = 8A371D5319D12936002679FA /* Project object */;
}
